
Microsoft Visual Studio Solution File, Format Version 12.00
# Visual Studio Version 16
VisualStudioVersion = 16.0.30128.74
MinimumVisualStudioVersion = 10.0.40219.1
Project("{FAE04EC0-301F-11D3-BF4B-00C04F79EFBC}") = "Otogexe", "Otogexe\Otogexe.csproj", "{9E1DA0B0-E79E-4962-B775-435D5055537B}"
EndProject
Global
	GlobalSection(SolutionConfigurationPlatforms) = preSolution
		Debug|Any CPU = Debug|Any CPU
		Release|Any CPU = Release|Any CPU
	EndGlobalSection
	GlobalSection(ProjectConfigurationPlatforms) = postSolution
		{9E1DA0B0-E79E-4962-B775-435D5055537B}.Debug|Any CPU.ActiveCfg = Debug|Any CPU
		{9E1DA0B0-E79E-4962-B775-435D5055537B}.Debug|Any CPU.Build.0 = Debug|Any CPU
		{9E1DA0B0-E79E-4962-B775-435D5055537B}.Release|Any CPU.ActiveCfg = Release|Any CPU
		{9E1DA0B0-E79E-4962-B775-435D5055537B}.Release|Any CPU.Build.0 = Release|Any CPU
	EndGlobalSection
	GlobalSection(SolutionProperties) = preSolution
		HideSolutionNode = FALSE
	EndGlobalSection
	GlobalSection(ExtensibilityGlobals) = postSolution
		SolutionGuid = {6DBE2E24-89EB-4BBF-BB51-09F7BB20779B}
	EndGlobalSection
EndGlobal
